// !$*UTF8*$!
{
	archiveVersion = 1;
	classes = {
	};
	objectVersion = 60;
	objects = {

/* Begin PBXBuildFile section */
		09AFC252ADFC4A9C58E31B26 /* ContentView.swift in Sources */ = {isa = PBXBuildFile; fileRef = 7679045855C2A54469BA28C4 /* ContentView.swift */; };
		3402E87367571CA8214B8DA0 /* Assets.xcassets in Resources */ = {isa = PBXBuildFile; fileRef = 228326CFE103B5A1776D3D9A /* Assets.xcassets */; };
		408FE1E95A569FF0F0C8E8C8 /* Preview Assets.xcassets in Resources */ = {isa = PBXBuildFile; fileRef = 0490B8FCBE868068E64A545C /* Preview Assets.xcassets */; };
		875E21312CB6DCB00095A4A9 /* HistoryBalance in Frameworks */ = {isa = PBXBuildFile; productRef = 875E21302CB6DCB00095A4A9 /* HistoryBalance */; };
		B84332D9538E9BC85E0AB66D /* HistoryBalanceDemo.swift in Sources */ = {isa = PBXBuildFile; fileRef = 921B447F1A88882CBE373A36 /* HistoryBalanceDemo.swift */; };
/* End PBXBuildFile section */

/* Begin PBXFileReference section */
		0490B8FCBE868068E64A545C /* Preview Assets.xcassets */ = {isa = PBXFileReference; lastKnownFileType = folder.assetcatalog; path = "Preview Assets.xcassets"; sourceTree = "<group>"; };
		228326CFE103B5A1776D3D9A /* Assets.xcassets */ = {isa = PBXFileReference; lastKnownFileType = folder.assetcatalog; path = Assets.xcassets; sourceTree = "<group>"; };
		7679045855C2A54469BA28C4 /* ContentView.swift */ = {isa = PBXFileReference; lastKnownFileType = sourcecode.swift; path = ContentView.swift; sourceTree = "<group>"; };
		921B447F1A88882CBE373A36 /* HistoryBalanceDemo.swift */ = {isa = PBXFileReference; lastKnownFileType = sourcecode.swift; path = HistoryBalanceDemo.swift; sourceTree = "<group>"; };
		B20CF8123104318D85C05E88 /* HistoryBalanceDemo.entitlements */ = {isa = PBXFileReference; lastKnownFileType = text.plist.entitlements; path = HistoryBalanceDemo.entitlements; sourceTree = "<group>"; };
		E4864FB6EC20DD2B446EE048 /* HistoryBalanceDemo.app */ = {isa = PBXFileReference; explicitFileType = wrapper.application; includeInIndex = 0; path = HistoryBalanceDemo.app; sourceTree = BUILT_PRODUCTS_DIR; };
/* End PBXFileReference section */

/* Begin PBXFrameworksBuildPhase section */
		875E212F2CB6DC9F0095A4A9 /* Frameworks */ = {
			isa = PBXFrameworksBuildPhase;
			buildActionMask = 2147483647;
			files = (
				875E21312CB6DCB00095A4A9 /* HistoryBalance in Frameworks */,
			);
			runOnlyForDeploymentPostprocessing = 0;
		};
/* End PBXFrameworksBuildPhase section */

/* Begin PBXGroup section */
		35442FD2E78E4E8CEEFDA65A /* Products */ = {
			isa = PBXGroup;
			children = (
				E4864FB6EC20DD2B446EE048 /* HistoryBalanceDemo.app */,
			);
			name = Products;
			sourceTree = "<group>";
		};
		656865766610FD25A2AE7324 /* Preview Content */ = {
			isa = PBXGroup;
			children = (
				0490B8FCBE868068E64A545C /* Preview Assets.xcassets */,
			);
			path = "Preview Content";
			sourceTree = "<group>";
		};
		89D956C4B28AED2DC364DA7A /* Resources */ = {
			isa = PBXGroup;
			children = (
				228326CFE103B5A1776D3D9A /* Assets.xcassets */,
			);
			path = Resources;
			sourceTree = "<group>";
		};
		8F0C6EEE1218AC4FA427D809 /* HistoryBalanceDemo */ = {
			isa = PBXGroup;
			children = (
				7679045855C2A54469BA28C4 /* ContentView.swift */,
				B20CF8123104318D85C05E88 /* HistoryBalanceDemo.entitlements */,
				921B447F1A88882CBE373A36 /* HistoryBalanceDemo.swift */,
				656865766610FD25A2AE7324 /* Preview Content */,
				89D956C4B28AED2DC364DA7A /* Resources */,
			);
			path = HistoryBalanceDemo;
			sourceTree = "<group>";
		};
		9C7D3F82E84962FA449A37E5 = {
			isa = PBXGroup;
			children = (
				B7AE97EC410B29787BDF2E0B /* HistoryBalance */,
				35442FD2E78E4E8CEEFDA65A /* Products */,
			);
			sourceTree = "<group>";
		};
		B7AE97EC410B29787BDF2E0B /* HistoryBalance */ = {
			isa = PBXGroup;
			children = (
				8F0C6EEE1218AC4FA427D809 /* HistoryBalanceDemo */,
			);
			name = HistoryBalance;
			path = ..;
			sourceTree = "<group>";
		};
/* End PBXGroup section */

/* Begin PBXNativeTarget section */
		C9D50C407C0559C42D487B0E /* HistoryBalanceDemo */ = {
			isa = PBXNativeTarget;
			buildConfigurationList = F5767C0A5A568DB0A6529AC3 /* Build configuration list for PBXNativeTarget "HistoryBalanceDemo" */;
			buildPhases = (
				C53326E1695709A1A2E66E6E /* Sources */,
				18B7C14DFCA202BE63760488 /* Run Script */,
				EFAA4E3F193928A688CDC5D9 /* Resources */,
				875E212F2CB6DC9F0095A4A9 /* Frameworks */,
			);
			buildRules = (
			);
			dependencies = (
			);
			name = HistoryBalanceDemo;
			packageProductDependencies = (
				875E212E2CB6DC6C0095A4A9 /* HistoryBalance */,
				875E21302CB6DCB00095A4A9 /* HistoryBalance */,
			);
			productName = HistoryBalanceDemo;
			productReference = E4864FB6EC20DD2B446EE048 /* HistoryBalanceDemo.app */;
			productType = "com.apple.product-type.application";
		};
/* End PBXNativeTarget section */

/* Begin PBXProject section */
		A28992736215555E3A17A442 /* Project object */ = {
			isa = PBXProject;
			attributes = {
				BuildIndependentTargetsInParallel = YES;
				LastUpgradeCheck = 1430;
			};
			buildConfigurationList = D090197E85E217192D798ECF /* Build configuration list for PBXProject "HistoryBalanceDemo" */;
			compatibilityVersion = "Xcode 14.0";
			developmentRegion = en;
			hasScannedForEncodings = 0;
			knownRegions = (
				Base,
				en,
			);
			mainGroup = 9C7D3F82E84962FA449A37E5;
			packageReferences = (
				875E212D2CB6DC6C0095A4A9 /* XCLocalSwiftPackageReference ".." */,
			);
			projectDirPath = "";
			projectRoot = "";
			targets = (
				C9D50C407C0559C42D487B0E /* HistoryBalanceDemo */,
			);
		};
/* End PBXProject section */

/* Begin PBXResourcesBuildPhase section */
		EFAA4E3F193928A688CDC5D9 /* Resources */ = {
			isa = PBXResourcesBuildPhase;
			buildActionMask = 2147483647;
			files = (
				3402E87367571CA8214B8DA0 /* Assets.xcassets in Resources */,
				408FE1E95A569FF0F0C8E8C8 /* Preview Assets.xcassets in Resources */,
			);
			runOnlyForDeploymentPostprocessing = 0;
		};
/* End PBXResourcesBuildPhase section */

/* Begin PBXShellScriptBuildPhase section */
		18B7C14DFCA202BE63760488 /* Run Script */ = {
			isa = PBXShellScriptBuildPhase;
			buildActionMask = 2147483647;
			files = (
			);
			inputFileListPaths = (
			);
			inputPaths = (
			);
			name = "Run Script";
			outputFileListPaths = (
			);
			outputPaths = (
			);
			runOnlyForDeploymentPostprocessing = 0;
			shellPath = /bin/sh;
			shellScript = "cd ../HistoryBalance\nif which swiftlint >/dev/null; then\n    swiftlint\nelse\necho \"warning: SwiftLint not installed, 'brew install swiftlint' or download from https://github.com/realm/SwiftLint\"\nfi\n";
		};
/* End PBXShellScriptBuildPhase section */

/* Begin PBXSourcesBuildPhase section */
		C53326E1695709A1A2E66E6E /* Sources */ = {
			isa = PBXSourcesBuildPhase;
			buildActionMask = 2147483647;
			files = (
				09AFC252ADFC4A9C58E31B26 /* ContentView.swift in Sources */,
				B84332D9538E9BC85E0AB66D /* HistoryBalanceDemo.swift in Sources */,
			);
			runOnlyForDeploymentPostprocessing = 0;
		};
/* End PBXSourcesBuildPhase section */

/* Begin XCBuildConfiguration section */
		3A8C6A27522543D8DE6046E2 /* Debug */ = {
			isa = XCBuildConfiguration;
			buildSettings = {
				ASSETCATALOG_COMPILER_APPICON_NAME = AppIcon;
				CODE_SIGN_IDENTITY = "iPhone Developer";
				INFOPLIST_KEY_UILaunchScreen_Generation = YES;
				INFOPLIST_KEY_UIRequiresFullScreen = YES;
				IPHONEOS_DEPLOYMENT_TARGET = 17.0;
				LD_RUNPATH_SEARCH_PATHS = (
					"$(inherited)",
					"@executable_path/Frameworks",
				);
				PRODUCT_BUNDLE_IDENTIFIER = com.test.HistoryBalanceDemo;
				SDKROOT = iphoneos;
				TARGETED_DEVICE_FAMILY = "1,2";
			};
			name = Debug;
		};
		527656107EFC89821D2FC588 /* Debug */ = {
			isa = XCBuildConfiguration;
			buildSettings = {
				ALWAYS_SEARCH_USER_PATHS = NO;
				CLANG_ANALYZER_NONNULL = YES;
				CLANG_ANALYZER_NUMBER_OBJECT_CONVERSION = YES_AGGRESSIVE;
				CLANG_CXX_LANGUAGE_STANDARD = "gnu++14";
				CLANG_CXX_LIBRARY = "libc++";
				CLANG_ENABLE_MODULES = YES;
				CLANG_ENABLE_OBJC_ARC = YES;
				CLANG_ENABLE_OBJC_WEAK = YES;
				CLANG_WARN_BLOCK_CAPTURE_AUTORELEASING = YES;
				CLANG_WARN_BOOL_CONVERSION = YES;
				CLANG_WARN_COMMA = YES;
				CLANG_WARN_CONSTANT_CONVERSION = YES;
				CLANG_WARN_DEPRECATED_OBJC_IMPLEMENTATIONS = YES;
				CLANG_WARN_DIRECT_OBJC_ISA_USAGE = YES_ERROR;
				CLANG_WARN_DOCUMENTATION_COMMENTS = YES;
				CLANG_WARN_EMPTY_BODY = YES;
				CLANG_WARN_ENUM_CONVERSION = YES;
				CLANG_WARN_INFINITE_RECURSION = YES;
				CLANG_WARN_INT_CONVERSION = YES;
				CLANG_WARN_NON_LITERAL_NULL_CONVERSION = YES;
				CLANG_WARN_OBJC_IMPLICIT_RETAIN_SELF = YES;
				CLANG_WARN_OBJC_LITERAL_CONVERSION = YES;
				CLANG_WARN_OBJC_ROOT_CLASS = YES_ERROR;
				CLANG_WARN_QUOTED_INCLUDE_IN_FRAMEWORK_HEADER = YES;
				CLANG_WARN_RANGE_LOOP_ANALYSIS = YES;
				CLANG_WARN_STRICT_PROTOTYPES = YES;
				CLANG_WARN_SUSPICIOUS_MOVE = YES;
				CLANG_WARN_UNGUARDED_AVAILABILITY = YES_AGGRESSIVE;
				CLANG_WARN_UNREACHABLE_CODE = YES;
				CLANG_WARN__DUPLICATE_METHOD_MATCH = YES;
				CODE_SIGN_ENTITLEMENTS = HistoryBalanceDemo.entitlements;
				COPY_PHASE_STRIP = NO;
				CURRENT_PROJECT_VERSION = 1.0.0;
				DEBUG_INFORMATION_FORMAT = dwarf;
				ENABLE_STRICT_OBJC_MSGSEND = YES;
				ENABLE_TESTABILITY = YES;
				GCC_C_LANGUAGE_STANDARD = gnu11;
				GCC_DYNAMIC_NO_PIC = NO;
				GCC_NO_COMMON_BLOCKS = YES;
				GCC_OPTIMIZATION_LEVEL = 0;
				GCC_PREPROCESSOR_DEFINITIONS = (
					"$(inherited)",
					"DEBUG=1",
				);
				GCC_WARN_64_TO_32_BIT_CONVERSION = YES;
				GCC_WARN_ABOUT_RETURN_TYPE = YES_ERROR;
				GCC_WARN_UNDECLARED_SELECTOR = YES;
				GCC_WARN_UNINITIALIZED_AUTOS = YES_AGGRESSIVE;
				GCC_WARN_UNUSED_FUNCTION = YES;
				GCC_WARN_UNUSED_VARIABLE = YES;
				GENERATE_INFOPLIST_FILE = YES;
				IPHONEOS_DEPLOYMENT_TARGET = 16.0;
				MARKETING_VERSION = 1.0.0;
				MTL_ENABLE_DEBUG_INFO = INCLUDE_SOURCE;
				MTL_FAST_MATH = YES;
				ONLY_ACTIVE_ARCH = YES;
				PRODUCT_NAME = HistoryBalanceDemo;
				SDKROOT = iphoneos;
				SWIFT_ACTIVE_COMPILATION_CONDITIONS = DEBUG;
				SWIFT_OPTIMIZATION_LEVEL = "-Onone";
				SWIFT_VERSION = 5.0;
			};
			name = Debug;
		};
		604FE756518DE7E2C3EF3F70 /* Release */ = {
			isa = XCBuildConfiguration;
			buildSettings = {
				ASSETCATALOG_COMPILER_APPICON_NAME = AppIcon;
				CODE_SIGN_IDENTITY = "iPhone Developer";
				INFOPLIST_KEY_UILaunchScreen_Generation = YES;
				INFOPLIST_KEY_UIRequiresFullScreen = YES;
				IPHONEOS_DEPLOYMENT_TARGET = 17.0;
				LD_RUNPATH_SEARCH_PATHS = (
					"$(inherited)",
					"@executable_path/Frameworks",
				);
				PRODUCT_BUNDLE_IDENTIFIER = com.test.HistoryBalanceDemo;
				SDKROOT = iphoneos;
				TARGETED_DEVICE_FAMILY = "1,2";
			};
			name = Release;
		};
		652991E070B46D79D0EEB08A /* Release */ = {
			isa = XCBuildConfiguration;
			buildSettings = {
				ALWAYS_SEARCH_USER_PATHS = NO;
				CLANG_ANALYZER_NONNULL = YES;
				CLANG_ANALYZER_NUMBER_OBJECT_CONVERSION = YES_AGGRESSIVE;
				CLANG_CXX_LANGUAGE_STANDARD = "gnu++14";
				CLANG_CXX_LIBRARY = "libc++";
				CLANG_ENABLE_MODULES = YES;
				CLANG_ENABLE_OBJC_ARC = YES;
				CLANG_ENABLE_OBJC_WEAK = YES;
				CLANG_WARN_BLOCK_CAPTURE_AUTORELEASING = YES;
				CLANG_WARN_BOOL_CONVERSION = YES;
				CLANG_WARN_COMMA = YES;
				CLANG_WARN_CONSTANT_CONVERSION = YES;
				CLANG_WARN_DEPRECATED_OBJC_IMPLEMENTATIONS = YES;
				CLANG_WARN_DIRECT_OBJC_ISA_USAGE = YES_ERROR;
				CLANG_WARN_DOCUMENTATION_COMMENTS = YES;
				CLANG_WARN_EMPTY_BODY = YES;
				CLANG_WARN_ENUM_CONVERSION = YES;
				CLANG_WARN_INFINITE_RECURSION = YES;
				CLANG_WARN_INT_CONVERSION = YES;
				CLANG_WARN_NON_LITERAL_NULL_CONVERSION = YES;
				CLANG_WARN_OBJC_IMPLICIT_RETAIN_SELF = YES;
				CLANG_WARN_OBJC_LITERAL_CONVERSION = YES;
				CLANG_WARN_OBJC_ROOT_CLASS = YES_ERROR;
				CLANG_WARN_QUOTED_INCLUDE_IN_FRAMEWORK_HEADER = YES;
				CLANG_WARN_RANGE_LOOP_ANALYSIS = YES;
				CLANG_WARN_STRICT_PROTOTYPES = YES;
				CLANG_WARN_SUSPICIOUS_MOVE = YES;
				CLANG_WARN_UNGUARDED_AVAILABILITY = YES_AGGRESSIVE;
				CLANG_WARN_UNREACHABLE_CODE = YES;
				CLANG_WARN__DUPLICATE_METHOD_MATCH = YES;
				CODE_SIGN_ENTITLEMENTS = HistoryBalanceDemo.entitlements;
				COPY_PHASE_STRIP = NO;
				CURRENT_PROJECT_VERSION = 1.0.0;
				DEBUG_INFORMATION_FORMAT = "dwarf-with-dsym";
				ENABLE_NS_ASSERTIONS = NO;
				ENABLE_STRICT_OBJC_MSGSEND = YES;
				GCC_C_LANGUAGE_STANDARD = gnu11;
				GCC_NO_COMMON_BLOCKS = YES;
				GCC_WARN_64_TO_32_BIT_CONVERSION = YES;
				GCC_WARN_ABOUT_RETURN_TYPE = YES_ERROR;
				GCC_WARN_UNDECLARED_SELECTOR = YES;
				GCC_WARN_UNINITIALIZED_AUTOS = YES_AGGRESSIVE;
				GCC_WARN_UNUSED_FUNCTION = YES;
				GCC_WARN_UNUSED_VARIABLE = YES;
				GENERATE_INFOPLIST_FILE = YES;
				IPHONEOS_DEPLOYMENT_TARGET = 16.0;
				MARKETING_VERSION = 1.0.0;
				MTL_ENABLE_DEBUG_INFO = NO;
				MTL_FAST_MATH = YES;
				PRODUCT_NAME = HistoryBalanceDemo;
				SDKROOT = iphoneos;
				SWIFT_COMPILATION_MODE = wholemodule;
				SWIFT_OPTIMIZATION_LEVEL = "-O";
				SWIFT_VERSION = 5.0;
			};
			name = Release;
		};
/* End XCBuildConfiguration section */

/* Begin XCConfigurationList section */
		D090197E85E217192D798ECF /* Build configuration list for PBXProject "HistoryBalanceDemo" */ = {
			isa = XCConfigurationList;
			buildConfigurations = (
				527656107EFC89821D2FC588 /* Debug */,
				652991E070B46D79D0EEB08A /* Release */,
			);
			defaultConfigurationIsVisible = 0;
			defaultConfigurationName = Debug;
		};
		F5767C0A5A568DB0A6529AC3 /* Build configuration list for PBXNativeTarget "HistoryBalanceDemo" */ = {
			isa = XCConfigurationList;
			buildConfigurations = (
				3A8C6A27522543D8DE6046E2 /* Debug */,
				604FE756518DE7E2C3EF3F70 /* Release */,
			);
			defaultConfigurationIsVisible = 0;
			defaultConfigurationName = Debug;
		};
/* End XCConfigurationList section */

/* Begin XCLocalSwiftPackageReference section */
		875E212D2CB6DC6C0095A4A9 /* XCLocalSwiftPackageReference ".." */ = {
			isa = XCLocalSwiftPackageReference;
			relativePath = ..;
		};
/* End XCLocalSwiftPackageReference section */

/* Begin XCSwiftPackageProductDependency section */
		875E212E2CB6DC6C0095A4A9 /* HistoryBalance */ = {
			isa = XCSwiftPackageProductDependency;
			productName = HistoryBalance;
		};
		875E21302CB6DCB00095A4A9 /* HistoryBalance */ = {
			isa = XCSwiftPackageProductDependency;
			productName = HistoryBalance;
		};
/* End XCSwiftPackageProductDependency section */
	};
	rootObject = A28992736215555E3A17A442 /* Project object */;
}
